github.com/DeRuina/timberjack v1.4.5 h1:F/kms5MPNAXUeWdOILt5ALC6iDHWNRPevaeIVH7tqYU=
github.com/DeRuina/timberjack v1.4.5/go.mod h1:RLoeQrwrCGIEF8gO5nV5b/gMD0QIy7bzQhBUgpp1EqE=
github.com/aws/aws-sdk-go-v2 v1.42.1 h1:9eOTgu1z/dVtYpNZ3/8/XbbaX0x/BqE3HUzAzs6K0ek=
github.com/aws/aws-sdk-go-v2 v1.42.1/go.mod h1:5pKeft2eJj+gElQ38Jqg4ibCqh+/AK33/0X3hip7IjM=
github.com/aws/aws-sdk-go-v2/aws/protocol/eventstream v1.7.14 h1:3IZY0XAJquT3aHzbkHfPzy4ACPcEjVG0x87KOwtpqGY=
github.com/aws/aws-sdk-go-v2/aws/protocol/eventstream v1.7.14/go.mod h1:zwM6veDkhGgQFqkBy+uT28AAYpLu+uFMlPl+rCg/73E=
github.com/aws/aws-sdk-go-v2/config v1.32.30 h1:XwsEzpTJfQYJbFicz/QMLwAZdyeNVVoOEkbF7R3gPJk=
github.com/aws/aws-sdk-go-v2/config v1.32.30/go.mod h1:Ud32SuMc+/9BGxfpSVld7HrE2o05JwKmXY4M3jOQNZU=
github.com/aws/aws-sdk-go-v2/credentials v1.19.29 h1:WHZGssHH887cO0ox07SIQZsFx3MKD4ps6w0xUEmnKYQ=
github.com/aws/aws-sdk-go-v2/credentials v1.19.29/go.mod h1:Mhl0xR6zjguiuj00XRx2wMx22sAltk7oya39sT7fdg8=
github.com/aws/aws-sdk-go-v2/feature/ec2/imds v1.18.30 h1:/hi1JADLEW9YYryEz1w4GQu0EtP23pP553Cf9KgsDV4=
github.com/aws/aws-sdk-go-v2/feature/ec2/imds v1.18.30/go.mod h1:/3AOgy4K17Dm4ucMZVC/MJkzy5kmfKUcINRHZyo0koQ=
github.com/aws/aws-sdk-go-v2/feature/s3/manager v1.22.34 h1:Pn7OsMwBLbkZ6OnCxWHAjf0L/22H8cnhxZC0uPwtMtg=
github.com/aws/aws-sdk-go-v2/feature/s3/manager v1.22.34/go.mod h1:eToXR/Gk1uqpn04eSmdgVXwfS0WvH8aG4eBFr8ygbpU=
github.com/aws/aws-sdk-go-v2/internal/configsources v1.4.30 h1:xM/Is9cKMHa8Jj8zkvWhvrFkZsXJV9E+BB4g0HW0duQ=
github.com/aws/aws-sdk-go-v2/internal/configsources v1.4.30/go.mod h1:WueJeNDZvK1fMYEWJIkcivBfEzUkTpBhzlrUKKY8EuA=
github.com/aws/aws-sdk-go-v2/internal/endpoints/v2 v2.7.30 h1:jn46zC9LdsVR/ZpMIJqMqb8hHv31BlLx3ulVqNspUOk=
github.com/aws/aws-sdk-go-v2/internal/endpoints/v2 v2.7.30/go.mod h1:1hTMsAgbdS/AtUi4bw8+gUuh1pceo+eXRLfpSuSQj3M=
github.com/aws/aws-sdk-go-v2/internal/v4a v1.4.31 h1:3GUprIsfmGcC5SACIyB0e7E0BM1O1b3Erl5CePYIAeQ=
github.com/aws/aws-sdk-go-v2/internal/v4a v1.4.31/go.mod h1:7PuV1yl5e2xnUbm+RqvVg5i2iBM8EyijZNoI9wsOoOc=
github.com/aws/aws-sdk-go-v2/service/internal/accept-encoding v1.13.13 h1:mbRIur/BiHK6SKPjoBIXSE/hJ6g6JGRLuxQy1jGjlN4=
github.com/aws/aws-sdk-go-v2/service/internal/accept-encoding v1.13.13/go.mod h1:ITg9em2KbJx1s0y4aqRX5OYWG6HBZ5TVR//OdpEZ2CQ=
github.com/aws/aws-sdk-go-v2/service/internal/checksum v1.9.23 h1:9Fjh6fi/U5JEStVZijmaMpUwE/gvBJj7x2B/PjbO9To=
github.com/aws/aws-sdk-go-v2/service/internal/checksum v1.9.23/go.mod h1:iMoT2f1tClxrWAAnKCXjZQ6LOmfLrMG14wmnWpM+F14=
github.com/aws/aws-sdk-go-v2/service/internal/presigned-url v1.13.30 h1:/Z5jmNrKsSD7EmDjzAPsm/3L9IuOkzaynklJZ1qX7S4=
github.com/aws/aws-sdk-go-v2/service/internal/presigned-url v1.13.30/go.mod h1:lEzEZnOosE7zi8Z6royW1cFJTD9fpab4Ul1SBrllewk=
github.com/aws/aws-sdk-go-v2/service/internal/s3shared v1.19.31 h1:uao4A3QZ5UmB326V6KF+qRpv9Tjz7IlnlnTbbANntlU=
github.com/aws/aws-sdk-go-v2/service/internal/s3shared v1.19.31/go.mod h1:I/1+z0VwL1GhQyLgkoHDlygpUZ+iTAwOQ/NsftiUL2I=
github.com/aws/aws-sdk-go-v2/service/s3 v1.105.2 h1:5C00eQYpTrgQXnp6V3P6P7zPElna3AXvlukbANE6nJI=
github.com/aws/aws-sdk-go-v2/service/s3 v1.105.2/go.mod h1:zdmCoFO/dSI7GlrwsPqFJI+WlFnSU4Tc8TJnlXrM1Do=
github.com/aws/aws-sdk-go-v2/service/signin v1.4.1 h1:V7ZZ300WPXGjvkyore5DGe0ljVPOxCXie/thWdtSBXE=
github.com/aws/aws-sdk-go-v2/service/signin v1.4.1/go.mod h1:mxC0nT/C8wMMS97DemZPzvUZxvIt+2Iq+eS3JdFZGgg=
github.com/aws/aws-sdk-go-v2/service/sso v1.32.1 h1:gYFYh4iLLcAOJRLNPY2aD2g9DIhKn4eof8UkIrr1rTk=
github.com/aws/aws-sdk-go-v2/service/sso v1.32.1/go.mod h1:u8af9Nqkmqnr96f7v9nHqzZT9XBwbXEkTiqT4ROuJSE=
github.com/aws/aws-sdk-go-v2/service/ssooidc v1.37.1 h1:arjT9Cm3/WYbGmD5TUZHk4UQn4Lle1fUNZs5FC6CtF0=
github.com/aws/aws-sdk-go-v2/service/ssooidc v1.37.1/go.mod h1:DMPWJBjYs6+3+f/qhBFEFPPlQ6NlhWjai3dJNvipJ84=
github.com/aws/aws-sdk-go-v2/service/sts v1.44.1 h1:RvfHDg+xvAeZ+5741vUEjpOVtYSIm93W2zhx10Xtydw=
github.com/aws/aws-sdk-go-v2/service/sts v1.44.1/go.mod h1:9gdl4RrflIdpDb2TlXshWgR1F9TeCkvqDx77Vpr4Z/Q=
github.com/aws/smithy-go v1.27.3 h1:F3Zb497UhhskkfpJmfkXswyo+t0sh9OTBnIHjogWbVY=
github.com/aws/smithy-go v1.27.3/go.mod h1:YE2RhdIuDbA5E5bTdciG9KrW3+TiEONeUWCqxX9i1Fc=
github.com/creack/pty v1.1.9/go.mod h1:oKZEueFk5CKHvIhNR5MUki03XCEU+Q6VDXinZuGJ33E=
github.com/davecgh/go-spew v1.1.1 h1:vj9j/u1bqnvCEfJOwUhtlOARqs3+rkHYY13jYWTU97c=
github.com/davecgh/go-spew v1.1.1/go.mod h1:J7Y8YcW2NihsgmVo/mv3lAwl/skON4iLHjSsI+c5H38=
github.com/fortytw2/leaktest v1.3.0 h1:u8491cBMTQ8ft8aeV+adlcytMZylmA5nnwwkRZjI8vw=
github.com/fortytw2/leaktest v1.3.0/go.mod h1:jDsjWgpAGjm2CA7WthBh/CdZYEPF31XHquHwclZch5g=
github.com/go-co-op/gocron/v2 v2.21.2 h1:bD8/YwkojYHgXFr3iEulL148KBdTbKVxUZzFKpXcdbY=
github.com/go-co-op/gocron/v2 v2.21.2/go.mod h1:5lEiCKk1oVJV39Zg7/YG10OnaVrDAV5GGR6O0663k6U=
github.com/google/uuid v1.6.0 h1:NIvaJDMOsjHA8n1jAhLSgzrAzy1Hgr+hNrb57e+94F0=
github.com/google/uuid v1.6.0/go.mod h1:TIyPZe4MgqvfeYDBFedMoGGpEw/LqOeaOT+nhxU+yHo=
github.com/jonboulle/clockwork v0.5.0 h1:Hyh9A8u51kptdkR+cqRpT1EebBwTn1oK9YfGYbdFz6I=
github.com/jonboulle/clockwork v0.5.0/go.mod h1:3mZlmanh0g2NDKO5TWZVJAfofYk64M7XN3SzBPjZF60=
github.com/klauspost/compress v1.17.11 h1:In6xLpyWOi1+C7tXUUWv2ot1QvBjxevKAaI6IXrJmUc=
github.com/klauspost/compress v1.17.11/go.mod h1:pMDklpSncoRMuLFrf1W9Ss9KT+0rH90U12bZKk7uwG0=
github.com/kr/pretty v0.3.1 h1:flRD4NNwYAUpkphVc1HcthR4KEIFJ65n8Mw5qdRn3LE=
github.com/kr/pretty v0.3.1/go.mod h1:hoEshYVHaxMs3cyo3Yncou5ZscifuDolrwPKZanG3xk=
github.com/kr/text v0.2.0 h1:5Nx0Ya0ZqY2ygV366QzturHI13Jq95ApcVaJBhpS+AY=
github.com/kr/text v0.2.0/go.mod h1:eLer722TekiGuMkidMxC/pM04lWEeraHUUmBw8l2grE=
github.com/pkg/diff v0.0.0-20210226163009-20ebb0f2a09e/go.mod h1:pJLUxLENpZxwdsKMEsNbx1VGcRFpLqf3715MtcvvzbA=
github.com/pmezard/go-difflib v1.0.0 h1:4DBwDE0NGyQoBHbLQYPwSUPoCMWR5BEzIk/f1lZbAQM=
github.com/pmezard/go-difflib v1.0.0/go.mod h1:iKH77koFhYxTK1pcRnkKkqfTogsbg7gZNVY4sRDYZ/4=
github.com/robfig/cron/v3 v3.0.1 h1:WdRxkvbJztn8LMz/QEvLN5sBU+xKpSqwwUO1Pjr4qDs=
github.com/robfig/cron/v3 v3.0.1/go.mod h1:eQICP3HwyT7UooqI/z+Ov+PtYAWygg1TEWWzGIFLtro=
github.com/rogpeppe/go-internal v1.9.0 h1:73kH8U+JUqXU8lRuOHeVHaa/SZPifC7BkcraZVejAe8=
github.com/rogpeppe/go-internal v1.9.0/go.mod h1:WtVeX8xhTBvf0smdhujwtBcq4Qrzq/fJaraNFVN+nFs=
github.com/stretchr/testify v1.11.1 h1:7s2iGBzp5EwR7/aIZr8ao5+dra3wiQyKjjFuvgVKu7U=
github.com/stretchr/testify v1.11.1/go.mod h1:wZwfW3scLgRK+23gO65QZefKpKQRnfz6sD981Nm4B6U=
go.uber.org/goleak v1.3.0 h1:2K3zAYmnTNqV73imy9J1T3WC+gmCePx2hEGkimedGto=
go.uber.org/goleak v1.3.0/go.mod h1:CoHD4mav9JJNrW/WLlf7HGZPjdw8EucARQHekz1X6bE=
golang.org/x/crypto v0.53.0 h1:QZ4Muo8THX6CizN2vPPd5fBGHyogrdK9fG4wLPFUsto=
golang.org/x/crypto v0.53.0/go.mod h1:DNLU434OwVakk9PzuwV8w62mAJpRJL3vsgcfp4Qnsio=
golang.org/x/sys v0.46.0 h1:noSf2Fq6F8DBgS+LysIkx7rIExoNHJsxOAtPp4rthXw=
golang.org/x/sys v0.46.0/go.mod h1:4GL1E5IUh+htKOUEOaiffhrAeqysfVGipDYzABqnCmw=
golang.org/x/term v0.44.0 h1:0rLvDRCtNj0gZkyIXhCyOb2OAzEhLVqc4B+hrsBhrmc=
golang.org/x/term v0.44.0/go.mod h1:7ze4MdzUzLXpSAoFP1H0bOI9aXDqveSvatT5vKcFh2Y=
gopkg.in/check.v1 v0.0.0-20161208181325-20d25e280405/go.mod h1:Co6ibVJAznAaIkqp8huTwlJQCZ016jof/cbN4VW5Yz0=
gopkg.in/check.v1 v1.0.0-20201130134442-10cb98267c6c h1:Hei/4ADfdWqJk1ZMxUNpqntNwaWcugrBjAiHlqqRiVk=
gopkg.in/check.v1 v1.0.0-20201130134442-10cb98267c6c/go.mod h1:JHkPIbrfpd72SG/EVd6muEfDQjcINNoR0C8j2r3qZ4Q=
gopkg.in/yaml.v3 v3.0.1 h1:fxVm/GzAzEWqLHuvctI91KS9hhNmmWOoWu0XTYJS7CA=
gopkg.in/yaml.v3 v3.0.1/go.mod h1:K4uyk7z7BCEPqu6E+C64Yfv1cQ7kz7rIZviUmN+EgEM=
